
Microsoft Visual Studio Solution File, Format Version 12.00
# Visual Studio 15
VisualStudioVersion = 15.0.27703.2018
MinimumVisualStudioVersion = 10.0.40219.1
Project("{FAE04EC0-301F-11D3-BF4B-00C04F79EFBC}") = "Sailing2", "Sailing2\Sailing2.csproj", "{B9CA0D06-9485-46E3-94DE-A6CDEA602F86}"
EndProject
Global
	GlobalSection(SolutionConfigurationPlatforms) = preSolution
		Debug|Any CPU = Debug|Any CPU
		Release|Any CPU = Release|Any CPU
	EndGlobalSection
	GlobalSection(ProjectConfigurationPlatforms) = postSolution
		{B9CA0D06-9485-46E3-94DE-A6CDEA602F86}.Debug|Any CPU.ActiveCfg = Debug|Any CPU
		{B9CA0D06-9485-46E3-94DE-A6CDEA602F86}.Debug|Any CPU.Build.0 = Debug|Any CPU
		{B9CA0D06-9485-46E3-94DE-A6CDEA602F86}.Release|Any CPU.ActiveCfg = Release|Any CPU
		{B9CA0D06-9485-46E3-94DE-A6CDEA602F86}.Release|Any CPU.Build.0 = Release|Any CPU
	EndGlobalSection
	GlobalSection(SolutionProperties) = preSolution
		HideSolutionNode = FALSE
	EndGlobalSection
	GlobalSection(ExtensibilityGlobals) = postSolution
		SolutionGuid = {8A07E42F-0F59-4CA9-B518-C969E54B6A5C}
	EndGlobalSection
EndGlobal
